{
  "requires": true,
  "lockfileVersion": 1,
  "dependencies": {
    "@floating-ui/core": {
      "version": "0.6.1",
      "resolved": "https://registry.npmjs.org/@floating-ui/core/-/core-0.6.1.tgz",
      "integrity": "sha512-Y30eVMcZva8o84c0HcXAtDO4BEzPJMvF6+B7x7urL2xbAqVsGJhojOyHLaoQHQYjb6OkqRq5kO+zeySycQwKqg=="
    },
    "@floating-ui/dom": {
      "version": "0.4.2",
      "resolved": "https://registry.npmjs.org/@floating-ui/dom/-/dom-0.4.2.tgz",
      "integrity": "sha512-2/4vOhMAujkMmGqGX1Gut84phe5MNfk1kGeM+RSTJCpeR0SWR2/RR+/f1r1msOvTQa28wn7HEhxGe71CjYY/vw==",
      "requires": {
        "@floating-ui/core": "^0.6.1"
      }
    }
  }
}
